
Microsoft Visual Studio Solution File, Format Version 12.00
# Visual Studio Version 16
VisualStudioVersion = 16.0.28803.352
MinimumVisualStudioVersion = 10.0.40219.1
Project("{FAE04EC0-301F-11D3-BF4B-00C04F79EFBC}") = "Lanchinho", "Lanchinho\Lanchinho.csproj", "{ACB21CE4-3D6E-446D-8EC9-B5BF4AC50E8D}"
EndProject
Project("{FAE04EC0-301F-11D3-BF4B-00C04F79EFBC}") = "FibonacciInteressante", "FibonacciInteressante\FibonacciInteressante.csproj", "{BB341BF8-F746-44F2-A5E0-733B2C1CC511}"
EndProject
Project("{FAE04EC0-301F-11D3-BF4B-00C04F79EFBC}") = "ExtracaoDeDiamantes", "ExtracaoDeDiamantes\ExtracaoDeDiamantes.csproj", "{4AEEDC61-7678-4242-8E9E-BFFA928A4712}"
EndProject
Project("{FAE04EC0-301F-11D3-BF4B-00C04F79EFBC}") = "HallDosAssasinos", "HallDosAssasinos\HallDosAssasinos.csproj", "{9E5556E3-B069-4992-8D6F-45CB8967FE59}"
EndProject
Project("{FAE04EC0-301F-11D3-BF4B-00C04F79EFBC}") = "GenioAdivinhacaoBonus", "GenioAdivinhacao\GenioAdivinhacaoBonus.csproj", "{465C1899-6C3A-4652-BA1B-EE3BBDB11BC2}"
EndProject
Global
	GlobalSection(SolutionConfigurationPlatforms) = preSolution
		Debug|Any CPU = Debug|Any CPU
		Release|Any CPU = Release|Any CPU
	EndGlobalSection
	GlobalSection(ProjectConfigurationPlatforms) = postSolution
		{ACB21CE4-3D6E-446D-8EC9-B5BF4AC50E8D}.Debug|Any CPU.ActiveCfg = Debug|Any CPU
		{ACB21CE4-3D6E-446D-8EC9-B5BF4AC50E8D}.Debug|Any CPU.Build.0 = Debug|Any CPU
		{ACB21CE4-3D6E-446D-8EC9-B5BF4AC50E8D}.Release|Any CPU.ActiveCfg = Release|Any CPU
		{ACB21CE4-3D6E-446D-8EC9-B5BF4AC50E8D}.Release|Any CPU.Build.0 = Release|Any CPU
		{BB341BF8-F746-44F2-A5E0-733B2C1CC511}.Debug|Any CPU.ActiveCfg = Debug|Any CPU
		{BB341BF8-F746-44F2-A5E0-733B2C1CC511}.Debug|Any CPU.Build.0 = Debug|Any CPU
		{BB341BF8-F746-44F2-A5E0-733B2C1CC511}.Release|Any CPU.ActiveCfg = Release|Any CPU
		{BB341BF8-F746-44F2-A5E0-733B2C1CC511}.Release|Any CPU.Build.0 = Release|Any CPU
		{4AEEDC61-7678-4242-8E9E-BFFA928A4712}.Debug|Any CPU.ActiveCfg = Debug|Any CPU
		{4AEEDC61-7678-4242-8E9E-BFFA928A4712}.Debug|Any CPU.Build.0 = Debug|Any CPU
		{4AEEDC61-7678-4242-8E9E-BFFA928A4712}.Release|Any CPU.ActiveCfg = Release|Any CPU
		{4AEEDC61-7678-4242-8E9E-BFFA928A4712}.Release|Any CPU.Build.0 = Release|Any CPU
		{9E5556E3-B069-4992-8D6F-45CB8967FE59}.Debug|Any CPU.ActiveCfg = Debug|Any CPU
		{9E5556E3-B069-4992-8D6F-45CB8967FE59}.Debug|Any CPU.Build.0 = Debug|Any CPU
		{9E5556E3-B069-4992-8D6F-45CB8967FE59}.Release|Any CPU.ActiveCfg = Release|Any CPU
		{9E5556E3-B069-4992-8D6F-45CB8967FE59}.Release|Any CPU.Build.0 = Release|Any CPU
		{465C1899-6C3A-4652-BA1B-EE3BBDB11BC2}.Debug|Any CPU.ActiveCfg = Debug|Any CPU
		{465C1899-6C3A-4652-BA1B-EE3BBDB11BC2}.Debug|Any CPU.Build.0 = Debug|Any CPU
		{465C1899-6C3A-4652-BA1B-EE3BBDB11BC2}.Release|Any CPU.ActiveCfg = Release|Any CPU
		{465C1899-6C3A-4652-BA1B-EE3BBDB11BC2}.Release|Any CPU.Build.0 = Release|Any CPU
	EndGlobalSection
	GlobalSection(SolutionProperties) = preSolution
		HideSolutionNode = FALSE
	EndGlobalSection
	GlobalSection(ExtensibilityGlobals) = postSolution
		SolutionGuid = {770B6B05-FB71-46D2-A0F5-7165DCEEF2E1}
	EndGlobalSection
EndGlobal
